
Microsoft Visual Studio Solution File, Format Version 12.00
# Visual Studio Version 17
VisualStudioVersion = 17.11.35219.272
MinimumVisualStudioVersion = 10.0.40219.1
Project("{FAE04EC0-301F-11D3-BF4B-00C04F79EFBC}") = "FinalGPA", "FinalGPA.csproj", "{F6E63B8F-B50D-4B57-9308-2900EB23AB20}"
EndProject
Global
	GlobalSection(SolutionConfigurationPlatforms) = preSolution
		Debug|Any CPU = Debug|Any CPU
		Release|Any CPU = Release|Any CPU
	EndGlobalSection
	GlobalSection(ProjectConfigurationPlatforms) = postSolution
		{F6E63B8F-B50D-4B57-9308-2900EB23AB20}.Debug|Any CPU.ActiveCfg = Debug|Any CPU
		{F6E63B8F-B50D-4B57-9308-2900EB23AB20}.Debug|Any CPU.Build.0 = Debug|Any CPU
		{F6E63B8F-B50D-4B57-9308-2900EB23AB20}.Release|Any CPU.ActiveCfg = Release|Any CPU
		{F6E63B8F-B50D-4B57-9308-2900EB23AB20}.Release|Any CPU.Build.0 = Release|Any CPU
	EndGlobalSection
	GlobalSection(SolutionProperties) = preSolution
		HideSolutionNode = FALSE
	EndGlobalSection
	GlobalSection(ExtensibilityGlobals) = postSolution
		SolutionGuid = {4A19A9AA-D2AC-459C-8616-8EB3F0DD195E}
	EndGlobalSection
EndGlobal
